
Microsoft Visual Studio Solution File, Format Version 12.00
# Visual Studio 15
VisualStudioVersion = 15.0.28307.572
MinimumVisualStudioVersion = 10.0.40219.1
Project("{FAE04EC0-301F-11D3-BF4B-00C04F79EFBC}") = "CustomizarTransicao.Android", "CustomizarTransicao\CustomizarTransicao.Android\CustomizarTransicao.Android.csproj", "{5DC04D1B-39FA-4390-B9E5-67CDAC8F96B8}"
EndProject
Project("{FAE04EC0-301F-11D3-BF4B-00C04F79EFBC}") = "CustomizarTransicao.iOS", "CustomizarTransicao\CustomizarTransicao.iOS\CustomizarTransicao.iOS.csproj", "{DF536CE8-D7E8-47FB-AD37-2A74E4733634}"
EndProject
Project("{FAE04EC0-301F-11D3-BF4B-00C04F79EFBC}") = "CustomizarTransicao", "CustomizarTransicao\CustomizarTransicao\CustomizarTransicao.csproj", "{327F482B-1134-4FE3-9F5A-BA0FBE85336C}"
EndProject
Global
	GlobalSection(SolutionConfigurationPlatforms) = preSolution
		Ad-Hoc|Any CPU = Ad-Hoc|Any CPU
		Ad-Hoc|iPhone = Ad-Hoc|iPhone
		Ad-Hoc|iPhoneSimulator = Ad-Hoc|iPhoneSimulator
		AppStore|Any CPU = AppStore|Any CPU
		AppStore|iPhone = AppStore|iPhone
		AppStore|iPhoneSimulator = AppStore|iPhoneSimulator
		Debug|Any CPU = Debug|Any CPU
		Debug|iPhone = Debug|iPhone
		Debug|iPhoneSimulator = Debug|iPhoneSimulator
		Release|Any CPU = Release|Any CPU
		Release|iPhone = Release|iPhone
		Release|iPhoneSimulator = Release|iPhoneSimulator
	EndGlobalSection
	GlobalSection(ProjectConfigurationPlatforms) = postSolution
		{5DC04D1B-39FA-4390-B9E5-67CDAC8F96B8}.Ad-Hoc|Any CPU.ActiveCfg = Release|Any CPU
		{5DC04D1B-39FA-4390-B9E5-67CDAC8F96B8}.Ad-Hoc|Any CPU.Build.0 = Release|Any CPU
		{5DC04D1B-39FA-4390-B9E5-67CDAC8F96B8}.Ad-Hoc|Any CPU.Deploy.0 = Release|Any CPU
		{5DC04D1B-39FA-4390-B9E5-67CDAC8F96B8}.Ad-Hoc|iPhone.ActiveCfg = Release|Any CPU
		{5DC04D1B-39FA-4390-B9E5-67CDAC8F96B8}.Ad-Hoc|iPhone.Build.0 = Release|Any CPU
		{5DC04D1B-39FA-4390-B9E5-67CDAC8F96B8}.Ad-Hoc|iPhone.Deploy.0 = Release|Any CPU
		{5DC04D1B-39FA-4390-B9E5-67CDAC8F96B8}.Ad-Hoc|iPhoneSimulator.ActiveCfg = Release|Any CPU
		{5DC04D1B-39FA-4390-B9E5-67CDAC8F96B8}.Ad-Hoc|iPhoneSimulator.Build.0 = Release|Any CPU
		{5DC04D1B-39FA-4390-B9E5-67CDAC8F96B8}.Ad-Hoc|iPhoneSimulator.Deploy.0 = Release|Any CPU
		{5DC04D1B-39FA-4390-B9E5-67CDAC8F96B8}.AppStore|Any CPU.ActiveCfg = Release|Any CPU
		{5DC04D1B-39FA-4390-B9E5-67CDAC8F96B8}.AppStore|Any CPU.Build.0 = Release|Any CPU
		{5DC04D1B-39FA-4390-B9E5-67CDAC8F96B8}.AppStore|Any CPU.Deploy.0 = Release|Any CPU
		{5DC04D1B-39FA-4390-B9E5-67CDAC8F96B8}.AppStore|iPhone.ActiveCfg = Release|Any CPU
		{5DC04D1B-39FA-4390-B9E5-67CDAC8F96B8}.AppStore|iPhone.Build.0 = Release|Any CPU
		{5DC04D1B-39FA-4390-B9E5-67CDAC8F96B8}.AppStore|iPhone.Deploy.0 = Release|Any CPU
		{5DC04D1B-39FA-4390-B9E5-67CDAC8F96B8}.AppStore|iPhoneSimulator.ActiveCfg = Release|Any CPU
		{5DC04D1B-39FA-4390-B9E5-67CDAC8F96B8}.AppStore|iPhoneSimulator.Build.0 = Release|Any CPU
		{5DC04D1B-39FA-4390-B9E5-67CDAC8F96B8}.AppStore|iPhoneSimulator.Deploy.0 = Release|Any CPU
		{5DC04D1B-39FA-4390-B9E5-67CDAC8F96B8}.Debug|Any CPU.ActiveCfg = Debug|Any CPU
		{5DC04D1B-39FA-4390-B9E5-67CDAC8F96B8}.Debug|Any CPU.Build.0 = Debug|Any CPU
		{5DC04D1B-39FA-4390-B9E5-67CDAC8F96B8}.Debug|Any CPU.Deploy.0 = Debug|Any CPU
		{5DC04D1B-39FA-4390-B9E5-67CDAC8F96B8}.Debug|iPhone.ActiveCfg = Debug|Any CPU
		{5DC04D1B-39FA-4390-B9E5-67CDAC8F96B8}.Debug|iPhone.Build.0 = Debug|Any CPU
		{5DC04D1B-39FA-4390-B9E5-67CDAC8F96B8}.Debug|iPhone.Deploy.0 = Debug|Any CPU
		{5DC04D1B-39FA-4390-B9E5-67CDAC8F96B8}.Debug|iPhoneSimulator.ActiveCfg = Debug|Any CPU
		{5DC04D1B-39FA-4390-B9E5-67CDAC8F96B8}.Debug|iPhoneSimulator.Build.0 = Debug|Any CPU
		{5DC04D1B-39FA-4390-B9E5-67CDAC8F96B8}.Debug|iPhoneSimulator.Deploy.0 = Debug|Any CPU
		{5DC04D1B-39FA-4390-B9E5-67CDAC8F96B8}.Release|Any CPU.ActiveCfg = Release|Any CPU
		{5DC04D1B-39FA-4390-B9E5-67CDAC8F96B8}.Release|Any CPU.Build.0 = Release|Any CPU
		{5DC04D1B-39FA-4390-B9E5-67CDAC8F96B8}.Release|Any CPU.Deploy.0 = Release|Any CPU
		{5DC04D1B-39FA-4390-B9E5-67CDAC8F96B8}.Release|iPhone.ActiveCfg = Release|Any CPU
		{5DC04D1B-39FA-4390-B9E5-67CDAC8F96B8}.Release|iPhone.Build.0 = Release|Any CPU
		{5DC04D1B-39FA-4390-B9E5-67CDAC8F96B8}.Release|iPhone.Deploy.0 = Release|Any CPU
		{5DC04D1B-39FA-4390-B9E5-67CDAC8F96B8}.Release|iPhoneSimulator.ActiveCfg = Release|Any CPU
		{5DC04D1B-39FA-4390-B9E5-67CDAC8F96B8}.Release|iPhoneSimulator.Build.0 = Release|Any CPU
		{5DC04D1B-39FA-4390-B9E5-67CDAC8F96B8}.Release|iPhoneSimulator.Deploy.0 = Release|Any CPU
		{DF536CE8-D7E8-47FB-AD37-2A74E4733634}.Ad-Hoc|Any CPU.ActiveCfg = Ad-Hoc|iPhone
		{DF536CE8-D7E8-47FB-AD37-2A74E4733634}.Ad-Hoc|Any CPU.Build.0 = Ad-Hoc|iPhone
		{DF536CE8-D7E8-47FB-AD37-2A74E4733634}.Ad-Hoc|Any CPU.Deploy.0 = Ad-Hoc|iPhone
		{DF536CE8-D7E8-47FB-AD37-2A74E4733634}.Ad-Hoc|iPhone.ActiveCfg = Ad-Hoc|iPhone
		{DF536CE8-D7E8-47FB-AD37-2A74E4733634}.Ad-Hoc|iPhone.Build.0 = Ad-Hoc|iPhone
		{DF536CE8-D7E8-47FB-AD37-2A74E4733634}.Ad-Hoc|iPhone.Deploy.0 = Ad-Hoc|iPhone
		{DF536CE8-D7E8-47FB-AD37-2A74E4733634}.Ad-Hoc|iPhoneSimulator.ActiveCfg = Ad-Hoc|iPhoneSimulator
		{DF536CE8-D7E8-47FB-AD37-2A74E4733634}.Ad-Hoc|iPhoneSimulator.Build.0 = Ad-Hoc|iPhoneSimulator
		{DF536CE8-D7E8-47FB-AD37-2A74E4733634}.Ad-Hoc|iPhoneSimulator.Deploy.0 = Ad-Hoc|iPhoneSimulator
		{DF536CE8-D7E8-47FB-AD37-2A74E4733634}.AppStore|Any CPU.ActiveCfg = AppStore|iPhone
		{DF536CE8-D7E8-47FB-AD37-2A74E4733634}.AppStore|Any CPU.Build.0 = AppStore|iPhone
		{DF536CE8-D7E8-47FB-AD37-2A74E4733634}.AppStore|Any CPU.Deploy.0 = AppStore|iPhone
		{DF536CE8-D7E8-47FB-AD37-2A74E4733634}.AppStore|iPhone.ActiveCfg = AppStore|iPhone
		{DF536CE8-D7E8-47FB-AD37-2A74E4733634}.AppStore|iPhone.Build.0 = AppStore|iPhone
		{DF536CE8-D7E8-47FB-AD37-2A74E4733634}.AppStore|iPhone.Deploy.0 = AppStore|iPhone
		{DF536CE8-D7E8-47FB-AD37-2A74E4733634}.AppStore|iPhoneSimulator.ActiveCfg = AppStore|iPhoneSimulator
		{DF536CE8-D7E8-47FB-AD37-2A74E4733634}.AppStore|iPhoneSimulator.Build.0 = AppStore|iPhoneSimulator
		{DF536CE8-D7E8-47FB-AD37-2A74E4733634}.AppStore|iPhoneSimulator.Deploy.0 = AppStore|iPhoneSimulator
		{DF536CE8-D7E8-47FB-AD37-2A74E4733634}.Debug|Any CPU.ActiveCfg = Debug|iPhoneSimulator
		{DF536CE8-D7E8-47FB-AD37-2A74E4733634}.Debug|Any CPU.Build.0 = Debug|iPhoneSimulator
		{DF536CE8-D7E8-47FB-AD37-2A74E4733634}.Debug|Any CPU.Deploy.0 = Debug|iPhoneSimulator
		{DF536CE8-D7E8-47FB-AD37-2A74E4733634}.Debug|iPhone.ActiveCfg = Debug|iPhone
		{DF536CE8-D7E8-47FB-AD37-2A74E4733634}.Debug|iPhone.Build.0 = Debug|iPhone
		{DF536CE8-D7E8-47FB-AD37-2A74E4733634}.Debug|iPhone.Deploy.0 = Debug|iPhone
		{DF536CE8-D7E8-47FB-AD37-2A74E4733634}.Debug|iPhoneSimulator.ActiveCfg = Debug|iPhoneSimulator
		{DF536CE8-D7E8-47FB-AD37-2A74E4733634}.Debug|iPhoneSimulator.Build.0 = Debug|iPhoneSimulator
		{DF536CE8-D7E8-47FB-AD37-2A74E4733634}.Debug|iPhoneSimulator.Deploy.0 = Debug|iPhoneSimulator
		{DF536CE8-D7E8-47FB-AD37-2A74E4733634}.Release|Any CPU.ActiveCfg = Release|iPhone
		{DF536CE8-D7E8-47FB-AD37-2A74E4733634}.Release|Any CPU.Build.0 = Release|iPhone
		{DF536CE8-D7E8-47FB-AD37-2A74E4733634}.Release|Any CPU.Deploy.0 = Release|iPhone
		{DF536CE8-D7E8-47FB-AD37-2A74E4733634}.Release|iPhone.ActiveCfg = Release|iPhone
		{DF536CE8-D7E8-47FB-AD37-2A74E4733634}.Release|iPhone.Build.0 = Release|iPhone
		{DF536CE8-D7E8-47FB-AD37-2A74E4733634}.Release|iPhone.Deploy.0 = Release|iPhone
		{DF536CE8-D7E8-47FB-AD37-2A74E4733634}.Release|iPhoneSimulator.ActiveCfg = Release|iPhoneSimulator
		{DF536CE8-D7E8-47FB-AD37-2A74E4733634}.Release|iPhoneSimulator.Build.0 = Release|iPhoneSimulator
		{DF536CE8-D7E8-47FB-AD37-2A74E4733634}.Release|iPhoneSimulator.Deploy.0 = Release|iPhoneSimulator
		{327F482B-1134-4FE3-9F5A-BA0FBE85336C}.Ad-Hoc|Any CPU.ActiveCfg = Debug|Any CPU
		{327F482B-1134-4FE3-9F5A-BA0FBE85336C}.Ad-Hoc|Any CPU.Build.0 = Debug|Any CPU
		{327F482B-1134-4FE3-9F5A-BA0FBE85336C}.Ad-Hoc|Any CPU.Deploy.0 = Debug|Any CPU
		{327F482B-1134-4FE3-9F5A-BA0FBE85336C}.Ad-Hoc|iPhone.ActiveCfg = Debug|Any CPU
		{327F482B-1134-4FE3-9F5A-BA0FBE85336C}.Ad-Hoc|iPhone.Build.0 = Debug|Any CPU
		{327F482B-1134-4FE3-9F5A-BA0FBE85336C}.Ad-Hoc|iPhone.Deploy.0 = Debug|Any CPU
		{327F482B-1134-4FE3-9F5A-BA0FBE85336C}.Ad-Hoc|iPhoneSimulator.ActiveCfg = Debug|Any CPU
		{327F482B-1134-4FE3-9F5A-BA0FBE85336C}.Ad-Hoc|iPhoneSimulator.Build.0 = Debug|Any CPU
		{327F482B-1134-4FE3-9F5A-BA0FBE85336C}.Ad-Hoc|iPhoneSimulator.Deploy.0 = Debug|Any CPU
		{327F482B-1134-4FE3-9F5A-BA0FBE85336C}.AppStore|Any CPU.ActiveCfg = Debug|Any CPU
		{327F482B-1134-4FE3-9F5A-BA0FBE85336C}.AppStore|Any CPU.Build.0 = Debug|Any CPU
		{327F482B-1134-4FE3-9F5A-BA0FBE85336C}.AppStore|Any CPU.Deploy.0 = Debug|Any CPU
		{327F482B-1134-4FE3-9F5A-BA0FBE85336C}.AppStore|iPhone.ActiveCfg = Debug|Any CPU
		{327F482B-1134-4FE3-9F5A-BA0FBE85336C}.AppStore|iPhone.Build.0 = Debug|Any CPU
		{327F482B-1134-4FE3-9F5A-BA0FBE85336C}.AppStore|iPhone.Deploy.0 = Debug|Any CPU
		{327F482B-1134-4FE3-9F5A-BA0FBE85336C}.AppStore|iPhoneSimulator.ActiveCfg = Debug|Any CPU
		{327F482B-1134-4FE3-9F5A-BA0FBE85336C}.AppStore|iPhoneSimulator.Build.0 = Debug|Any CPU
		{327F482B-1134-4FE3-9F5A-BA0FBE85336C}.AppStore|iPhoneSimulator.Deploy.0 = Debug|Any CPU
		{327F482B-1134-4FE3-9F5A-BA0FBE85336C}.Debug|Any CPU.ActiveCfg = Debug|Any CPU
		{327F482B-1134-4FE3-9F5A-BA0FBE85336C}.Debug|Any CPU.Build.0 = Debug|Any CPU
		{327F482B-1134-4FE3-9F5A-BA0FBE85336C}.Debug|Any CPU.Deploy.0 = Debug|Any CPU
		{327F482B-1134-4FE3-9F5A-BA0FBE85336C}.Debug|iPhone.ActiveCfg = Debug|Any CPU
		{327F482B-1134-4FE3-9F5A-BA0FBE85336C}.Debug|iPhone.Build.0 = Debug|Any CPU
		{327F482B-1134-4FE3-9F5A-BA0FBE85336C}.Debug|iPhone.Deploy.0 = Debug|Any CPU
		{327F482B-1134-4FE3-9F5A-BA0FBE85336C}.Debug|iPhoneSimulator.ActiveCfg = Debug|Any CPU
		{327F482B-1134-4FE3-9F5A-BA0FBE85336C}.Debug|iPhoneSimulator.Build.0 = Debug|Any CPU
		{327F482B-1134-4FE3-9F5A-BA0FBE85336C}.Debug|iPhoneSimulator.Deploy.0 = Debug|Any CPU
		{327F482B-1134-4FE3-9F5A-BA0FBE85336C}.Release|Any CPU.ActiveCfg = Release|Any CPU
		{327F482B-1134-4FE3-9F5A-BA0FBE85336C}.Release|Any CPU.Build.0 = Release|Any CPU
		{327F482B-1134-4FE3-9F5A-BA0FBE85336C}.Release|Any CPU.Deploy.0 = Release|Any CPU
		{327F482B-1134-4FE3-9F5A-BA0FBE85336C}.Release|iPhone.ActiveCfg = Release|Any CPU
		{327F482B-1134-4FE3-9F5A-BA0FBE85336C}.Release|iPhone.Build.0 = Release|Any CPU
		{327F482B-1134-4FE3-9F5A-BA0FBE85336C}.Release|iPhone.Deploy.0 = Release|Any CPU
		{327F482B-1134-4FE3-9F5A-BA0FBE85336C}.Release|iPhoneSimulator.ActiveCfg = Release|Any CPU
		{327F482B-1134-4FE3-9F5A-BA0FBE85336C}.Release|iPhoneSimulator.Build.0 = Release|Any CPU
		{327F482B-1134-4FE3-9F5A-BA0FBE85336C}.Release|iPhoneSimulator.Deploy.0 = Release|Any CPU
	EndGlobalSection
	GlobalSection(SolutionProperties) = preSolution
		HideSolutionNode = FALSE
	EndGlobalSection
	GlobalSection(ExtensibilityGlobals) = postSolution
		SolutionGuid = {652EE666-EBD5-49F2-87B7-944FE4005D50}
	EndGlobalSection
EndGlobal
